
Microsoft Visual Studio Solution File, Format Version 12.00
# Visual Studio Version 18
VisualStudioVersion = 18.2.11408.102 d18.0
MinimumVisualStudioVersion = 10.0.40219.1
Project("{FAE04EC0-301F-11D3-BF4B-00C04F79EFBC}") = "BotBallXPit", "BotBallXPit.csproj", "{8F2A76FA-DE5E-8A26-CBCF-69B1FDEEBB03}"
EndProject
Global
	GlobalSection(SolutionConfigurationPlatforms) = preSolution
		Debug|Any CPU = Debug|Any CPU
		Release|Any CPU = Release|Any CPU
	EndGlobalSection
	GlobalSection(ProjectConfigurationPlatforms) = postSolution
		{8F2A76FA-DE5E-8A26-CBCF-69B1FDEEBB03}.Debug|Any CPU.ActiveCfg = Debug|Any CPU
		{8F2A76FA-DE5E-8A26-CBCF-69B1FDEEBB03}.Debug|Any CPU.Build.0 = Debug|Any CPU
		{8F2A76FA-DE5E-8A26-CBCF-69B1FDEEBB03}.Release|Any CPU.ActiveCfg = Release|Any CPU
		{8F2A76FA-DE5E-8A26-CBCF-69B1FDEEBB03}.Release|Any CPU.Build.0 = Release|Any CPU
	EndGlobalSection
	GlobalSection(SolutionProperties) = preSolution
		HideSolutionNode = FALSE
	EndGlobalSection
	GlobalSection(ExtensibilityGlobals) = postSolution
		SolutionGuid = {82B62583-5EA2-4FD4-95EE-7BEDDB1539BE}
	EndGlobalSection
EndGlobal
